
Microsoft Visual Studio Solution File, Format Version 12.00
# Visual Studio Version 17
VisualStudioVersion = 17.3.32929.385
MinimumVisualStudioVersion = 10.0.40219.1
Project("{FAE04EC0-301F-11D3-BF4B-00C04F79EFBC}") = "GPS_HarverFormula", "GPS_HarverFormula\GPS_HarverFormula.csproj", "{D17F68D9-84AB-4F0D-8A6D-23D6148D4B9A}"
EndProject
Global
	GlobalSection(SolutionConfigurationPlatforms) = preSolution
		Debug|Any CPU = Debug|Any CPU
		Release|Any CPU = Release|Any CPU
	EndGlobalSection
	GlobalSection(ProjectConfigurationPlatforms) = postSolution
		{D17F68D9-84AB-4F0D-8A6D-23D6148D4B9A}.Debug|Any CPU.ActiveCfg = Debug|Any CPU
		{D17F68D9-84AB-4F0D-8A6D-23D6148D4B9A}.Debug|Any CPU.Build.0 = Debug|Any CPU
		{D17F68D9-84AB-4F0D-8A6D-23D6148D4B9A}.Release|Any CPU.ActiveCfg = Release|Any CPU
		{D17F68D9-84AB-4F0D-8A6D-23D6148D4B9A}.Release|Any CPU.Build.0 = Release|Any CPU
	EndGlobalSection
	GlobalSection(SolutionProperties) = preSolution
		HideSolutionNode = FALSE
	EndGlobalSection
	GlobalSection(ExtensibilityGlobals) = postSolution
		SolutionGuid = {533A93A9-A8A6-463D-A93C-45F6CD47BE8A}
	EndGlobalSection
EndGlobal
